// !$*UTF8*$!
{
	archiveVersion = 1;
	classes = {
	};
	objectVersion = 56;
	objects = {

/* Begin PBXBuildFile section */
		950C1199298E1B6500914F49 /* SnapKit in Frameworks */ = {isa = PBXBuildFile; productRef = 950C1198298E1B6500914F49 /* SnapKit */; };
		950C119C298E1CB500914F49 /* CombineCocoa in Frameworks */ = {isa = PBXBuildFile; productRef = 950C119B298E1CB500914F49 /* CombineCocoa */; };
		950C119F298E1CE500914F49 /* CombineCocoa in Frameworks */ = {isa = PBXBuildFile; productRef = 950C119E298E1CE500914F49 /* CombineCocoa */; };
		950C11A2298E1D2200914F49 /* SnapshotTesting in Frameworks */ = {isa = PBXBuildFile; productRef = 950C11A1298E1D2200914F49 /* SnapshotTesting */; };
		950C11A4298E1D2C00914F49 /* CombineCocoa in Frameworks */ = {isa = PBXBuildFile; productRef = 950C11A3298E1D2C00914F49 /* CombineCocoa */; };
		9521CDBD298E17B100827953 /* AppDelegate.swift in Sources */ = {isa = PBXBuildFile; fileRef = 9521CDBC298E17B100827953 /* AppDelegate.swift */; };
		9521CDBF298E17B100827953 /* SceneDelegate.swift in Sources */ = {isa = PBXBuildFile; fileRef = 9521CDBE298E17B100827953 /* SceneDelegate.swift */; };
		9521CDC1298E17B100827953 /* CalculatorViewController.swift in Sources */ = {isa = PBXBuildFile; fileRef = 9521CDC0298E17B100827953 /* CalculatorViewController.swift */; };
		9521CDC6298E17B400827953 /* Assets.xcassets in Resources */ = {isa = PBXBuildFile; fileRef = 9521CDC5298E17B400827953 /* Assets.xcassets */; };
		9521CDC9298E17B400827953 /* LaunchScreen.storyboard in Resources */ = {isa = PBXBuildFile; fileRef = 9521CDC7298E17B400827953 /* LaunchScreen.storyboard */; };
		9521CDD4298E17B500827953 /* TipCalculatorTests.swift in Sources */ = {isa = PBXBuildFile; fileRef = 9521CDD3298E17B500827953 /* TipCalculatorTests.swift */; };
		9521CDDE298E17B500827953 /* TipCalculatorUITests.swift in Sources */ = {isa = PBXBuildFile; fileRef = 9521CDDD298E17B500827953 /* TipCalculatorUITests.swift */; };
		9521CDE0298E17B500827953 /* TipCalculatorUITestsLaunchTests.swift in Sources */ = {isa = PBXBuildFile; fileRef = 9521CDDF298E17B500827953 /* TipCalculatorUITestsLaunchTests.swift */; };
		954A2D2E298E249200D329B9 /* LogoView.swift in Sources */ = {isa = PBXBuildFile; fileRef = 954A2D2D298E249200D329B9 /* LogoView.swift */; };
		954A2D30298E253C00D329B9 /* ResultView.swift in Sources */ = {isa = PBXBuildFile; fileRef = 954A2D2F298E253C00D329B9 /* ResultView.swift */; };
		954A2D32298E255200D329B9 /* BillInputView.swift in Sources */ = {isa = PBXBuildFile; fileRef = 954A2D31298E255200D329B9 /* BillInputView.swift */; };
		954A2D34298E259100D329B9 /* TipInputView.swift in Sources */ = {isa = PBXBuildFile; fileRef = 954A2D33298E259100D329B9 /* TipInputView.swift */; };
		954A2D36298E25C000D329B9 /* SplitInputView.swift in Sources */ = {isa = PBXBuildFile; fileRef = 954A2D35298E25C000D329B9 /* SplitInputView.swift */; };
		954A2D39298E33DF00D329B9 /* ThemeColor.swift in Sources */ = {isa = PBXBuildFile; fileRef = 954A2D38298E33DF00D329B9 /* ThemeColor.swift */; };
		954A2D3B298E33F000D329B9 /* ThemeFont.swift in Sources */ = {isa = PBXBuildFile; fileRef = 954A2D3A298E33F000D329B9 /* ThemeFont.swift */; };
		954A2D3E298E341400D329B9 /* UIColor+Extension.swift in Sources */ = {isa = PBXBuildFile; fileRef = 954A2D3D298E341400D329B9 /* UIColor+Extension.swift */; };
/* End PBXBuildFile section */

/* Begin PBXContainerItemProxy section */
		9521CDD0298E17B400827953 /* PBXContainerItemProxy */ = {
			isa = PBXContainerItemProxy;
			containerPortal = 9521CDB1298E17B100827953 /* Project object */;
			proxyType = 1;
			remoteGlobalIDString = 9521CDB8298E17B100827953;
			remoteInfo = TipCalculator;
		};
		9521CDDA298E17B500827953 /* PBXContainerItemProxy */ = {
			isa = PBXContainerItemProxy;
			containerPortal = 9521CDB1298E17B100827953 /* Project object */;
			proxyType = 1;
			remoteGlobalIDString = 9521CDB8298E17B100827953;
			remoteInfo = TipCalculator;
		};
/* End PBXContainerItemProxy section */

/* Begin PBXFileReference section */
		9521CDB9298E17B100827953 /* TipCalculator.app */ = {isa = PBXFileReference; explicitFileType = wrapper.application; includeInIndex = 0; path = TipCalculator.app; sourceTree = BUILT_PRODUCTS_DIR; };
		9521CDBC298E17B100827953 /* AppDelegate.swift */ = {isa = PBXFileReference; lastKnownFileType = sourcecode.swift; path = AppDelegate.swift; sourceTree = "<group>"; };
		9521CDBE298E17B100827953 /* SceneDelegate.swift */ = {isa = PBXFileReference; lastKnownFileType = sourcecode.swift; path = SceneDelegate.swift; sourceTree = "<group>"; };
		9521CDC0298E17B100827953 /* CalculatorViewController.swift */ = {isa = PBXFileReference; lastKnownFileType = sourcecode.swift; path = CalculatorViewController.swift; sourceTree = "<group>"; };
		9521CDC5298E17B400827953 /* Assets.xcassets */ = {isa = PBXFileReference; lastKnownFileType = folder.assetcatalog; path = Assets.xcassets; sourceTree = "<group>"; };
		9521CDC8298E17B400827953 /* Base */ = {isa = PBXFileReference; lastKnownFileType = file.storyboard; name = Base; path = Base.lproj/LaunchScreen.storyboard; sourceTree = "<group>"; };
		9521CDCA298E17B400827953 /* Info.plist */ = {isa = PBXFileReference; lastKnownFileType = text.plist.xml; path = Info.plist; sourceTree = "<group>"; };
		9521CDCF298E17B400827953 /* TipCalculatorTests.xctest */ = {isa = PBXFileReference; explicitFileType = wrapper.cfbundle; includeInIndex = 0; path = TipCalculatorTests.xctest; sourceTree = BUILT_PRODUCTS_DIR; };
		9521CDD3298E17B500827953 /* TipCalculatorTests.swift */ = {isa = PBXFileReference; lastKnownFileType = sourcecode.swift; path = TipCalculatorTests.swift; sourceTree = "<group>"; };
		9521CDD9298E17B500827953 /* TipCalculatorUITests.xctest */ = {isa = PBXFileReference; explicitFileType = wrapper.cfbundle; includeInIndex = 0; path = TipCalculatorUITests.xctest; sourceTree = BUILT_PRODUCTS_DIR; };
		9521CDDD298E17B500827953 /* TipCalculatorUITests.swift */ = {isa = PBXFileReference; lastKnownFileType = sourcecode.swift; path = TipCalculatorUITests.swift; sourceTree = "<group>"; };
		9521CDDF298E17B500827953 /* TipCalculatorUITestsLaunchTests.swift */ = {isa = PBXFileReference; lastKnownFileType = sourcecode.swift; path = TipCalculatorUITestsLaunchTests.swift; sourceTree = "<group>"; };
		954A2D2D298E249200D329B9 /* LogoView.swift */ = {isa = PBXFileReference; lastKnownFileType = sourcecode.swift; path = LogoView.swift; sourceTree = "<group>"; };
		954A2D2F298E253C00D329B9 /* ResultView.swift */ = {isa = PBXFileReference; lastKnownFileType = sourcecode.swift; path = ResultView.swift; sourceTree = "<group>"; };
		954A2D31298E255200D329B9 /* BillInputView.swift */ = {isa = PBXFileReference; lastKnownFileType = sourcecode.swift; path = BillInputView.swift; sourceTree = "<group>"; };
		954A2D33298E259100D329B9 /* TipInputView.swift */ = {isa = PBXFileReference; lastKnownFileType = sourcecode.swift; path = TipInputView.swift; sourceTree = "<group>"; };
		954A2D35298E25C000D329B9 /* SplitInputView.swift */ = {isa = PBXFileReference; lastKnownFileType = sourcecode.swift; path = SplitInputView.swift; sourceTree = "<group>"; };
		954A2D38298E33DF00D329B9 /* ThemeColor.swift */ = {isa = PBXFileReference; lastKnownFileType = sourcecode.swift; path = ThemeColor.swift; sourceTree = "<group>"; };
		954A2D3A298E33F000D329B9 /* ThemeFont.swift */ = {isa = PBXFileReference; lastKnownFileType = sourcecode.swift; path = ThemeFont.swift; sourceTree = "<group>"; };
		954A2D3D298E341400D329B9 /* UIColor+Extension.swift */ = {isa = PBXFileReference; lastKnownFileType = sourcecode.swift; path = "UIColor+Extension.swift"; sourceTree = "<group>"; };
/* End PBXFileReference section */

/* Begin PBXFrameworksBuildPhase section */
		9521CDB6298E17B100827953 /* Frameworks */ = {
			isa = PBXFrameworksBuildPhase;
			buildActionMask = 2147483647;
			files = (
				950C119C298E1CB500914F49 /* CombineCocoa in Frameworks */,
				950C1199298E1B6500914F49 /* SnapKit in Frameworks */,
			);
			runOnlyForDeploymentPostprocessing = 0;
		};
		9521CDCC298E17B400827953 /* Frameworks */ = {
			isa = PBXFrameworksBuildPhase;
			buildActionMask = 2147483647;
			files = (
				950C119F298E1CE500914F49 /* CombineCocoa in Frameworks */,
				950C11A2298E1D2200914F49 /* SnapshotTesting in Frameworks */,
			);
			runOnlyForDeploymentPostprocessing = 0;
		};
		9521CDD6298E17B500827953 /* Frameworks */ = {
			isa = PBXFrameworksBuildPhase;
			buildActionMask = 2147483647;
			files = (
				950C11A4298E1D2C00914F49 /* CombineCocoa in Frameworks */,
			);
			runOnlyForDeploymentPostprocessing = 0;
		};
/* End PBXFrameworksBuildPhase section */

/* Begin PBXGroup section */
		950C119D298E1CE500914F49 /* Frameworks */ = {
			isa = PBXGroup;
			children = (
			);
			name = Frameworks;
			sourceTree = "<group>";
		};
		9521CDB0298E17B100827953 = {
			isa = PBXGroup;
			children = (
				9521CDBB298E17B100827953 /* TipCalculator */,
				9521CDD2298E17B500827953 /* TipCalculatorTests */,
				9521CDDC298E17B500827953 /* TipCalculatorUITests */,
				9521CDBA298E17B100827953 /* Products */,
				950C119D298E1CE500914F49 /* Frameworks */,
			);
			sourceTree = "<group>";
		};
		9521CDBA298E17B100827953 /* Products */ = {
			isa = PBXGroup;
			children = (
				9521CDB9298E17B100827953 /* TipCalculator.app */,
				9521CDCF298E17B400827953 /* TipCalculatorTests.xctest */,
				9521CDD9298E17B500827953 /* TipCalculatorUITests.xctest */,
			);
			name = Products;
			sourceTree = "<group>";
		};
		9521CDBB298E17B100827953 /* TipCalculator */ = {
			isa = PBXGroup;
			children = (
				954A2D3C298E33F500D329B9 /* Extension */,
				954A2D37298E33CD00D329B9 /* Config */,
				954A2D2C298E242600D329B9 /* View */,
				9521CDBC298E17B100827953 /* AppDelegate.swift */,
				9521CDBE298E17B100827953 /* SceneDelegate.swift */,
				9521CDC0298E17B100827953 /* CalculatorViewController.swift */,
				9521CDC5298E17B400827953 /* Assets.xcassets */,
				9521CDC7298E17B400827953 /* LaunchScreen.storyboard */,
				9521CDCA298E17B400827953 /* Info.plist */,
			);
			path = TipCalculator;
			sourceTree = "<group>";
		};
		9521CDD2298E17B500827953 /* TipCalculatorTests */ = {
			isa = PBXGroup;
			children = (
				9521CDD3298E17B500827953 /* TipCalculatorTests.swift */,
			);
			path = TipCalculatorTests;
			sourceTree = "<group>";
		};
		9521CDDC298E17B500827953 /* TipCalculatorUITests */ = {
			isa = PBXGroup;
			children = (
				9521CDDD298E17B500827953 /* TipCalculatorUITests.swift */,
				9521CDDF298E17B500827953 /* TipCalculatorUITestsLaunchTests.swift */,
			);
			path = TipCalculatorUITests;
			sourceTree = "<group>";
		};
		954A2D2C298E242600D329B9 /* View */ = {
			isa = PBXGroup;
			children = (
				954A2D2D298E249200D329B9 /* LogoView.swift */,
				954A2D2F298E253C00D329B9 /* ResultView.swift */,
				954A2D31298E255200D329B9 /* BillInputView.swift */,
				954A2D33298E259100D329B9 /* TipInputView.swift */,
				954A2D35298E25C000D329B9 /* SplitInputView.swift */,
			);
			path = View;
			sourceTree = "<group>";
		};
		954A2D37298E33CD00D329B9 /* Config */ = {
			isa = PBXGroup;
			children = (
				954A2D38298E33DF00D329B9 /* ThemeColor.swift */,
				954A2D3A298E33F000D329B9 /* ThemeFont.swift */,
			);
			path = Config;
			sourceTree = "<group>";
		};
		954A2D3C298E33F500D329B9 /* Extension */ = {
			isa = PBXGroup;
			children = (
				954A2D3D298E341400D329B9 /* UIColor+Extension.swift */,
			);
			path = Extension;
			sourceTree = "<group>";
		};
/* End PBXGroup section */

/* Begin PBXNativeTarget section */
		9521CDB8298E17B100827953 /* TipCalculator */ = {
			isa = PBXNativeTarget;
			buildConfigurationList = 9521CDE3298E17B500827953 /* Build configuration list for PBXNativeTarget "TipCalculator" */;
			buildPhases = (
				9521CDB5298E17B100827953 /* Sources */,
				9521CDB6298E17B100827953 /* Frameworks */,
				9521CDB7298E17B100827953 /* Resources */,
			);
			buildRules = (
			);
			dependencies = (
			);
			name = TipCalculator;
			packageProductDependencies = (
				950C1198298E1B6500914F49 /* SnapKit */,
				950C119B298E1CB500914F49 /* CombineCocoa */,
			);
			productName = TipCalculator;
			productReference = 9521CDB9298E17B100827953 /* TipCalculator.app */;
			productType = "com.apple.product-type.application";
		};
		9521CDCE298E17B400827953 /* TipCalculatorTests */ = {
			isa = PBXNativeTarget;
			buildConfigurationList = 9521CDE6298E17B500827953 /* Build configuration list for PBXNativeTarget "TipCalculatorTests" */;
			buildPhases = (
				9521CDCB298E17B400827953 /* Sources */,
				9521CDCC298E17B400827953 /* Frameworks */,
				9521CDCD298E17B400827953 /* Resources */,
			);
			buildRules = (
			);
			dependencies = (
				9521CDD1298E17B400827953 /* PBXTargetDependency */,
			);
			name = TipCalculatorTests;
			packageProductDependencies = (
				950C119E298E1CE500914F49 /* CombineCocoa */,
				950C11A1298E1D2200914F49 /* SnapshotTesting */,
			);
			productName = TipCalculatorTests;
			productReference = 9521CDCF298E17B400827953 /* TipCalculatorTests.xctest */;
			productType = "com.apple.product-type.bundle.unit-test";
		};
		9521CDD8298E17B500827953 /* TipCalculatorUITests */ = {
			isa = PBXNativeTarget;
			buildConfigurationList = 9521CDE9298E17B500827953 /* Build configuration list for PBXNativeTarget "TipCalculatorUITests" */;
			buildPhases = (
				9521CDD5298E17B500827953 /* Sources */,
				9521CDD6298E17B500827953 /* Frameworks */,
				9521CDD7298E17B500827953 /* Resources */,
			);
			buildRules = (
			);
			dependencies = (
				9521CDDB298E17B500827953 /* PBXTargetDependency */,
			);
			name = TipCalculatorUITests;
			packageProductDependencies = (
				950C11A3298E1D2C00914F49 /* CombineCocoa */,
			);
			productName = TipCalculatorUITests;
			productReference = 9521CDD9298E17B500827953 /* TipCalculatorUITests.xctest */;
			productType = "com.apple.product-type.bundle.ui-testing";
		};
/* End PBXNativeTarget section */

/* Begin PBXProject section */
		9521CDB1298E17B100827953 /* Project object */ = {
			isa = PBXProject;
			attributes = {
				BuildIndependentTargetsInParallel = 1;
				LastSwiftUpdateCheck = 1420;
				LastUpgradeCheck = 1420;
				TargetAttributes = {
					9521CDB8298E17B100827953 = {
						CreatedOnToolsVersion = 14.2;
					};
					9521CDCE298E17B400827953 = {
						CreatedOnToolsVersion = 14.2;
						TestTargetID = 9521CDB8298E17B100827953;
					};
					9521CDD8298E17B500827953 = {
						CreatedOnToolsVersion = 14.2;
						TestTargetID = 9521CDB8298E17B100827953;
					};
				};
			};
			buildConfigurationList = 9521CDB4298E17B100827953 /* Build configuration list for PBXProject "TipCalculator" */;
			compatibilityVersion = "Xcode 14.0";
			developmentRegion = en;
			hasScannedForEncodings = 0;
			knownRegions = (
				en,
				Base,
			);
			mainGroup = 9521CDB0298E17B100827953;
			packageReferences = (
				950C1197298E1B6500914F49 /* XCRemoteSwiftPackageReference "SnapKit" */,
				950C119A298E1CB500914F49 /* XCRemoteSwiftPackageReference "CombineCocoa" */,
				950C11A0298E1D2200914F49 /* XCRemoteSwiftPackageReference "swift-snapshot-testing" */,
			);
			productRefGroup = 9521CDBA298E17B100827953 /* Products */;
			projectDirPath = "";
			projectRoot = "";
			targets = (
				9521CDB8298E17B100827953 /* TipCalculator */,
				9521CDCE298E17B400827953 /* TipCalculatorTests */,
				9521CDD8298E17B500827953 /* TipCalculatorUITests */,
			);
		};
/* End PBXProject section */

/* Begin PBXResourcesBuildPhase section */
		9521CDB7298E17B100827953 /* Resources */ = {
			isa = PBXResourcesBuildPhase;
			buildActionMask = 2147483647;
			files = (
				9521CDC9298E17B400827953 /* LaunchScreen.storyboard in Resources */,
				9521CDC6298E17B400827953 /* Assets.xcassets in Resources */,
			);
			runOnlyForDeploymentPostprocessing = 0;
		};
		9521CDCD298E17B400827953 /* Resources */ = {
			isa = PBXResourcesBuildPhase;
			buildActionMask = 2147483647;
			files = (
			);
			runOnlyForDeploymentPostprocessing = 0;
		};
		9521CDD7298E17B500827953 /* Resources */ = {
			isa = PBXResourcesBuildPhase;
			buildActionMask = 2147483647;
			files = (
			);
			runOnlyForDeploymentPostprocessing = 0;
		};
/* End PBXResourcesBuildPhase section */

/* Begin PBXSourcesBuildPhase section */
		9521CDB5298E17B100827953 /* Sources */ = {
			isa = PBXSourcesBuildPhase;
			buildActionMask = 2147483647;
			files = (
				9521CDC1298E17B100827953 /* CalculatorViewController.swift in Sources */,
				954A2D2E298E249200D329B9 /* LogoView.swift in Sources */,
				954A2D39298E33DF00D329B9 /* ThemeColor.swift in Sources */,
				954A2D3E298E341400D329B9 /* UIColor+Extension.swift in Sources */,
				954A2D32298E255200D329B9 /* BillInputView.swift in Sources */,
				954A2D30298E253C00D329B9 /* ResultView.swift in Sources */,
				9521CDBD298E17B100827953 /* AppDelegate.swift in Sources */,
				954A2D3B298E33F000D329B9 /* ThemeFont.swift in Sources */,
				9521CDBF298E17B100827953 /* SceneDelegate.swift in Sources */,
				954A2D36298E25C000D329B9 /* SplitInputView.swift in Sources */,
				954A2D34298E259100D329B9 /* TipInputView.swift in Sources */,
			);
			runOnlyForDeploymentPostprocessing = 0;
		};
		9521CDCB298E17B400827953 /* Sources */ = {
			isa = PBXSourcesBuildPhase;
			buildActionMask = 2147483647;
			files = (
				9521CDD4298E17B500827953 /* TipCalculatorTests.swift in Sources */,
			);
			runOnlyForDeploymentPostprocessing = 0;
		};
		9521CDD5298E17B500827953 /* Sources */ = {
			isa = PBXSourcesBuildPhase;
			buildActionMask = 2147483647;
			files = (
				9521CDE0298E17B500827953 /* TipCalculatorUITestsLaunchTests.swift in Sources */,
				9521CDDE298E17B500827953 /* TipCalculatorUITests.swift in Sources */,
			);
			runOnlyForDeploymentPostprocessing = 0;
		};
/* End PBXSourcesBuildPhase section */

/* Begin PBXTargetDependency section */
		9521CDD1298E17B400827953 /* PBXTargetDependency */ = {
			isa = PBXTargetDependency;
			target = 9521CDB8298E17B100827953 /* TipCalculator */;
			targetProxy = 9521CDD0298E17B400827953 /* PBXContainerItemProxy */;
		};
		9521CDDB298E17B500827953 /* PBXTargetDependency */ = {
			isa = PBXTargetDependency;
			target = 9521CDB8298E17B100827953 /* TipCalculator */;
			targetProxy = 9521CDDA298E17B500827953 /* PBXContainerItemProxy */;
		};
/* End PBXTargetDependency section */

/* Begin PBXVariantGroup section */
		9521CDC7298E17B400827953 /* LaunchScreen.storyboard */ = {
			isa = PBXVariantGroup;
			children = (
				9521CDC8298E17B400827953 /* Base */,
			);
			name = LaunchScreen.storyboard;
			sourceTree = "<group>";
		};
/* End PBXVariantGroup section */

/* Begin XCBuildConfiguration section */
		9521CDE1298E17B500827953 /* Debug */ = {
			isa = XCBuildConfiguration;
			buildSettings = {
				ALWAYS_SEARCH_USER_PATHS = NO;
				CLANG_ANALYZER_NONNULL = YES;
				CLANG_ANALYZER_NUMBER_OBJECT_CONVERSION = YES_AGGRESSIVE;
				CLANG_CXX_LANGUAGE_STANDARD = "gnu++20";
				CLANG_ENABLE_MODULES = YES;
				CLANG_ENABLE_OBJC_ARC = YES;
				CLANG_ENABLE_OBJC_WEAK = YES;
				CLANG_WARN_BLOCK_CAPTURE_AUTORELEASING = YES;
				CLANG_WARN_BOOL_CONVERSION = YES;
				CLANG_WARN_COMMA = YES;
				CLANG_WARN_CONSTANT_CONVERSION = YES;
				CLANG_WARN_DEPRECATED_OBJC_IMPLEMENTATIONS = YES;
				CLANG_WARN_DIRECT_OBJC_ISA_USAGE = YES_ERROR;
				CLANG_WARN_DOCUMENTATION_COMMENTS = YES;
				CLANG_WARN_EMPTY_BODY = YES;
				CLANG_WARN_ENUM_CONVERSION = YES;
				CLANG_WARN_INFINITE_RECURSION = YES;
				CLANG_WARN_INT_CONVERSION = YES;
				CLANG_WARN_NON_LITERAL_NULL_CONVERSION = YES;
				CLANG_WARN_OBJC_IMPLICIT_RETAIN_SELF = YES;
				CLANG_WARN_OBJC_LITERAL_CONVERSION = YES;
				CLANG_WARN_OBJC_ROOT_CLASS = YES_ERROR;
				CLANG_WARN_QUOTED_INCLUDE_IN_FRAMEWORK_HEADER = YES;
				CLANG_WARN_RANGE_LOOP_ANALYSIS = YES;
				CLANG_WARN_STRICT_PROTOTYPES = YES;
				CLANG_WARN_SUSPICIOUS_MOVE = YES;
				CLANG_WARN_UNGUARDED_AVAILABILITY = YES_AGGRESSIVE;
				CLANG_WARN_UNREACHABLE_CODE = YES;
				CLANG_WARN__DUPLICATE_METHOD_MATCH = YES;
				COPY_PHASE_STRIP = NO;
				DEBUG_INFORMATION_FORMAT = dwarf;
				ENABLE_STRICT_OBJC_MSGSEND = YES;
				ENABLE_TESTABILITY = YES;
				GCC_C_LANGUAGE_STANDARD = gnu11;
				GCC_DYNAMIC_NO_PIC = NO;
				GCC_NO_COMMON_BLOCKS = YES;
				GCC_OPTIMIZATION_LEVEL = 0;
				GCC_PREPROCESSOR_DEFINITIONS = (
					"DEBUG=1",
					"$(inherited)",
				);
				GCC_WARN_64_TO_32_BIT_CONVERSION = YES;
				GCC_WARN_ABOUT_RETURN_TYPE = YES_ERROR;
				GCC_WARN_UNDECLARED_SELECTOR = YES;
				GCC_WARN_UNINITIALIZED_AUTOS = YES_AGGRESSIVE;
				GCC_WARN_UNUSED_FUNCTION = YES;
				GCC_WARN_UNUSED_VARIABLE = YES;
				IPHONEOS_DEPLOYMENT_TARGET = 16.2;
				MTL_ENABLE_DEBUG_INFO = INCLUDE_SOURCE;
				MTL_FAST_MATH = YES;
				ONLY_ACTIVE_ARCH = YES;
				SDKROOT = iphoneos;
				SWIFT_ACTIVE_COMPILATION_CONDITIONS = DEBUG;
				SWIFT_OPTIMIZATION_LEVEL = "-Onone";
			};
			name = Debug;
		};
		9521CDE2298E17B500827953 /* Release */ = {
			isa = XCBuildConfiguration;
			buildSettings = {
				ALWAYS_SEARCH_USER_PATHS = NO;
				CLANG_ANALYZER_NONNULL = YES;
				CLANG_ANALYZER_NUMBER_OBJECT_CONVERSION = YES_AGGRESSIVE;
				CLANG_CXX_LANGUAGE_STANDARD = "gnu++20";
				CLANG_ENABLE_MODULES = YES;
				CLANG_ENABLE_OBJC_ARC = YES;
				CLANG_ENABLE_OBJC_WEAK = YES;
				CLANG_WARN_BLOCK_CAPTURE_AUTORELEASING = YES;
				CLANG_WARN_BOOL_CONVERSION = YES;
				CLANG_WARN_COMMA = YES;
				CLANG_WARN_CONSTANT_CONVERSION = YES;
				CLANG_WARN_DEPRECATED_OBJC_IMPLEMENTATIONS = YES;
				CLANG_WARN_DIRECT_OBJC_ISA_USAGE = YES_ERROR;
				CLANG_WARN_DOCUMENTATION_COMMENTS = YES;
				CLANG_WARN_EMPTY_BODY = YES;
				CLANG_WARN_ENUM_CONVERSION = YES;
				CLANG_WARN_INFINITE_RECURSION = YES;
				CLANG_WARN_INT_CONVERSION = YES;
				CLANG_WARN_NON_LITERAL_NULL_CONVERSION = YES;
				CLANG_WARN_OBJC_IMPLICIT_RETAIN_SELF = YES;
				CLANG_WARN_OBJC_LITERAL_CONVERSION = YES;
				CLANG_WARN_OBJC_ROOT_CLASS = YES_ERROR;
				CLANG_WARN_QUOTED_INCLUDE_IN_FRAMEWORK_HEADER = YES;
				CLANG_WARN_RANGE_LOOP_ANALYSIS = YES;
				CLANG_WARN_STRICT_PROTOTYPES = YES;
				CLANG_WARN_SUSPICIOUS_MOVE = YES;
				CLANG_WARN_UNGUARDED_AVAILABILITY = YES_AGGRESSIVE;
				CLANG_WARN_UNREACHABLE_CODE = YES;
				CLANG_WARN__DUPLICATE_METHOD_MATCH = YES;
				COPY_PHASE_STRIP = NO;
				DEBUG_INFORMATION_FORMAT = "dwarf-with-dsym";
				ENABLE_NS_ASSERTIONS = NO;
				ENABLE_STRICT_OBJC_MSGSEND = YES;
				GCC_C_LANGUAGE_STANDARD = gnu11;
				GCC_NO_COMMON_BLOCKS = YES;
				GCC_WARN_64_TO_32_BIT_CONVERSION = YES;
				GCC_WARN_ABOUT_RETURN_TYPE = YES_ERROR;
				GCC_WARN_UNDECLARED_SELECTOR = YES;
				GCC_WARN_UNINITIALIZED_AUTOS = YES_AGGRESSIVE;
				GCC_WARN_UNUSED_FUNCTION = YES;
				GCC_WARN_UNUSED_VARIABLE = YES;
				IPHONEOS_DEPLOYMENT_TARGET = 16.2;
				MTL_ENABLE_DEBUG_INFO = NO;
				MTL_FAST_MATH = YES;
				SDKROOT = iphoneos;
				SWIFT_COMPILATION_MODE = wholemodule;
				SWIFT_OPTIMIZATION_LEVEL = "-O";
				VALIDATE_PRODUCT = YES;
			};
			name = Release;
		};
		9521CDE4298E17B500827953 /* Debug */ = {
			isa = XCBuildConfiguration;
			buildSettings = {
				ASSETCATALOG_COMPILER_APPICON_NAME = AppIcon;
				ASSETCATALOG_COMPILER_GLOBAL_ACCENT_COLOR_NAME = AccentColor;
				CODE_SIGN_STYLE = Automatic;
				CURRENT_PROJECT_VERSION = 1;
				GENERATE_INFOPLIST_FILE = YES;
				INFOPLIST_FILE = TipCalculator/Info.plist;
				INFOPLIST_KEY_UIApplicationSupportsIndirectInputEvents = YES;
				INFOPLIST_KEY_UILaunchStoryboardName = LaunchScreen;
				INFOPLIST_KEY_UISupportedInterfaceOrientations_iPad = "UIInterfaceOrientationPortrait UIInterfaceOrientationPortraitUpsideDown UIInterfaceOrientationLandscapeLeft UIInterfaceOrientationLandscapeRight";
				INFOPLIST_KEY_UISupportedInterfaceOrientations_iPhone = "UIInterfaceOrientationPortrait UIInterfaceOrientationLandscapeLeft UIInterfaceOrientationLandscapeRight";
				LD_RUNPATH_SEARCH_PATHS = (
					"$(inherited)",
					"@executable_path/Frameworks",
				);
				MARKETING_VERSION = 1.0;
				PRODUCT_BUNDLE_IDENTIFIER = com.backbase.TipCalculator;
				PRODUCT_NAME = "$(TARGET_NAME)";
				SWIFT_EMIT_LOC_STRINGS = YES;
				SWIFT_VERSION = 5.0;
				TARGETED_DEVICE_FAMILY = "1,2";
			};
			name = Debug;
		};
		9521CDE5298E17B500827953 /* Release */ = {
			isa = XCBuildConfiguration;
			buildSettings = {
				ASSETCATALOG_COMPILER_APPICON_NAME = AppIcon;
				ASSETCATALOG_COMPILER_GLOBAL_ACCENT_COLOR_NAME = AccentColor;
				CODE_SIGN_STYLE = Automatic;
				CURRENT_PROJECT_VERSION = 1;
				GENERATE_INFOPLIST_FILE = YES;
				INFOPLIST_FILE = TipCalculator/Info.plist;
				INFOPLIST_KEY_UIApplicationSupportsIndirectInputEvents = YES;
				INFOPLIST_KEY_UILaunchStoryboardName = LaunchScreen;
				INFOPLIST_KEY_UISupportedInterfaceOrientations_iPad = "UIInterfaceOrientationPortrait UIInterfaceOrientationPortraitUpsideDown UIInterfaceOrientationLandscapeLeft UIInterfaceOrientationLandscapeRight";
				INFOPLIST_KEY_UISupportedInterfaceOrientations_iPhone = "UIInterfaceOrientationPortrait UIInterfaceOrientationLandscapeLeft UIInterfaceOrientationLandscapeRight";
				LD_RUNPATH_SEARCH_PATHS = (
					"$(inherited)",
					"@executable_path/Frameworks",
				);
				MARKETING_VERSION = 1.0;
				PRODUCT_BUNDLE_IDENTIFIER = com.backbase.TipCalculator;
				PRODUCT_NAME = "$(TARGET_NAME)";
				SWIFT_EMIT_LOC_STRINGS = YES;
				SWIFT_VERSION = 5.0;
				TARGETED_DEVICE_FAMILY = "1,2";
			};
			name = Release;
		};
		9521CDE7298E17B500827953 /* Debug */ = {
			isa = XCBuildConfiguration;
			buildSettings = {
				ALWAYS_EMBED_SWIFT_STANDARD_LIBRARIES = YES;
				BUNDLE_LOADER = "$(TEST_HOST)";
				CODE_SIGN_STYLE = Automatic;
				CURRENT_PROJECT_VERSION = 1;
				GENERATE_INFOPLIST_FILE = YES;
				IPHONEOS_DEPLOYMENT_TARGET = 16.2;
				MARKETING_VERSION = 1.0;
				PRODUCT_BUNDLE_IDENTIFIER = com.backbase.TipCalculatorTests;
				PRODUCT_NAME = "$(TARGET_NAME)";
				SWIFT_EMIT_LOC_STRINGS = NO;
				SWIFT_VERSION = 5.0;
				TARGETED_DEVICE_FAMILY = "1,2";
				TEST_HOST = "$(BUILT_PRODUCTS_DIR)/TipCalculator.app/$(BUNDLE_EXECUTABLE_FOLDER_PATH)/TipCalculator";
			};
			name = Debug;
		};
		9521CDE8298E17B500827953 /* Release */ = {
			isa = XCBuildConfiguration;
			buildSettings = {
				ALWAYS_EMBED_SWIFT_STANDARD_LIBRARIES = YES;
				BUNDLE_LOADER = "$(TEST_HOST)";
				CODE_SIGN_STYLE = Automatic;
				CURRENT_PROJECT_VERSION = 1;
				GENERATE_INFOPLIST_FILE = YES;
				IPHONEOS_DEPLOYMENT_TARGET = 16.2;
				MARKETING_VERSION = 1.0;
				PRODUCT_BUNDLE_IDENTIFIER = com.backbase.TipCalculatorTests;
				PRODUCT_NAME = "$(TARGET_NAME)";
				SWIFT_EMIT_LOC_STRINGS = NO;
				SWIFT_VERSION = 5.0;
				TARGETED_DEVICE_FAMILY = "1,2";
				TEST_HOST = "$(BUILT_PRODUCTS_DIR)/TipCalculator.app/$(BUNDLE_EXECUTABLE_FOLDER_PATH)/TipCalculator";
			};
			name = Release;
		};
		9521CDEA298E17B500827953 /* Debug */ = {
			isa = XCBuildConfiguration;
			buildSettings = {
				ALWAYS_EMBED_SWIFT_STANDARD_LIBRARIES = YES;
				CODE_SIGN_STYLE = Automatic;
				CURRENT_PROJECT_VERSION = 1;
				GENERATE_INFOPLIST_FILE = YES;
				MARKETING_VERSION = 1.0;
				PRODUCT_BUNDLE_IDENTIFIER = com.backbase.TipCalculatorUITests;
				PRODUCT_NAME = "$(TARGET_NAME)";
				SWIFT_EMIT_LOC_STRINGS = NO;
				SWIFT_VERSION = 5.0;
				TARGETED_DEVICE_FAMILY = "1,2";
				TEST_TARGET_NAME = TipCalculator;
			};
			name = Debug;
		};
		9521CDEB298E17B500827953 /* Release */ = {
			isa = XCBuildConfiguration;
			buildSettings = {
				ALWAYS_EMBED_SWIFT_STANDARD_LIBRARIES = YES;
				CODE_SIGN_STYLE = Automatic;
				CURRENT_PROJECT_VERSION = 1;
				GENERATE_INFOPLIST_FILE = YES;
				MARKETING_VERSION = 1.0;
				PRODUCT_BUNDLE_IDENTIFIER = com.backbase.TipCalculatorUITests;
				PRODUCT_NAME = "$(TARGET_NAME)";
				SWIFT_EMIT_LOC_STRINGS = NO;
				SWIFT_VERSION = 5.0;
				TARGETED_DEVICE_FAMILY = "1,2";
				TEST_TARGET_NAME = TipCalculator;
			};
			name = Release;
		};
/* End XCBuildConfiguration section */

/* Begin XCConfigurationList section */
		9521CDB4298E17B100827953 /* Build configuration list for PBXProject "TipCalculator" */ = {
			isa = XCConfigurationList;
			buildConfigurations = (
				9521CDE1298E17B500827953 /* Debug */,
				9521CDE2298E17B500827953 /* Release */,
			);
			defaultConfigurationIsVisible = 0;
			defaultConfigurationName = Release;
		};
		9521CDE3298E17B500827953 /* Build configuration list for PBXNativeTarget "TipCalculator" */ = {
			isa = XCConfigurationList;
			buildConfigurations = (
				9521CDE4298E17B500827953 /* Debug */,
				9521CDE5298E17B500827953 /* Release */,
			);
			defaultConfigurationIsVisible = 0;
			defaultConfigurationName = Release;
		};
		9521CDE6298E17B500827953 /* Build configuration list for PBXNativeTarget "TipCalculatorTests" */ = {
			isa = XCConfigurationList;
			buildConfigurations = (
				9521CDE7298E17B500827953 /* Debug */,
				9521CDE8298E17B500827953 /* Release */,
			);
			defaultConfigurationIsVisible = 0;
			defaultConfigurationName = Release;
		};
		9521CDE9298E17B500827953 /* Build configuration list for PBXNativeTarget "TipCalculatorUITests" */ = {
			isa = XCConfigurationList;
			buildConfigurations = (
				9521CDEA298E17B500827953 /* Debug */,
				9521CDEB298E17B500827953 /* Release */,
			);
			defaultConfigurationIsVisible = 0;
			defaultConfigurationName = Release;
		};
/* End XCConfigurationList section */

/* Begin XCRemoteSwiftPackageReference section */
		950C1197298E1B6500914F49 /* XCRemoteSwiftPackageReference "SnapKit" */ = {
			isa = XCRemoteSwiftPackageReference;
			repositoryURL = "https://github.com/SnapKit/SnapKit.git";
			requirement = {
				kind = upToNextMinorVersion;
				minimumVersion = 5.6.0;
			};
		};
		950C119A298E1CB500914F49 /* XCRemoteSwiftPackageReference "CombineCocoa" */ = {
			isa = XCRemoteSwiftPackageReference;
			repositoryURL = "https://github.com/CombineCommunity/CombineCocoa";
			requirement = {
				kind = upToNextMinorVersion;
				minimumVersion = 0.4.1;
			};
		};
		950C11A0298E1D2200914F49 /* XCRemoteSwiftPackageReference "swift-snapshot-testing" */ = {
			isa = XCRemoteSwiftPackageReference;
			repositoryURL = "https://github.com/pointfreeco/swift-snapshot-testing";
			requirement = {
				kind = upToNextMinorVersion;
				minimumVersion = 1.9.0;
			};
		};
/* End XCRemoteSwiftPackageReference section */

/* Begin XCSwiftPackageProductDependency section */
		950C1198298E1B6500914F49 /* SnapKit */ = {
			isa = XCSwiftPackageProductDependency;
			package = 950C1197298E1B6500914F49 /* XCRemoteSwiftPackageReference "SnapKit" */;
			productName = SnapKit;
		};
		950C119B298E1CB500914F49 /* CombineCocoa */ = {
			isa = XCSwiftPackageProductDependency;
			package = 950C119A298E1CB500914F49 /* XCRemoteSwiftPackageReference "CombineCocoa" */;
			productName = CombineCocoa;
		};
		950C119E298E1CE500914F49 /* CombineCocoa */ = {
			isa = XCSwiftPackageProductDependency;
			package = 950C119A298E1CB500914F49 /* XCRemoteSwiftPackageReference "CombineCocoa" */;
			productName = CombineCocoa;
		};
		950C11A1298E1D2200914F49 /* SnapshotTesting */ = {
			isa = XCSwiftPackageProductDependency;
			package = 950C11A0298E1D2200914F49 /* XCRemoteSwiftPackageReference "swift-snapshot-testing" */;
			productName = SnapshotTesting;
		};
		950C11A3298E1D2C00914F49 /* CombineCocoa */ = {
			isa = XCSwiftPackageProductDependency;
			package = 950C119A298E1CB500914F49 /* XCRemoteSwiftPackageReference "CombineCocoa" */;
			productName = CombineCocoa;
		};
/* End XCSwiftPackageProductDependency section */
	};
	rootObject = 9521CDB1298E17B100827953 /* Project object */;
}
